
Microsoft Visual Studio Solution File, Format Version 12.00
Project("{FAE04EC0-301F-11D3-BF4B-00C04F79EFBC}") = "DamageTrackingFramework", "DamageTrackingFramework\DamageTrackingFramework.csproj", "{94C2148E-3005-4946-9C57-2CC4D8BC250B}"
EndProject
Project("{FAE04EC0-301F-11D3-BF4B-00C04F79EFBC}") = "DamageTrackerLib", "DamageTrackerLib\DamageTrackerLib.csproj", "{8BA678B1-D73D-4B13-8D42-F6750285E52A}"
EndProject
Global
	GlobalSection(SolutionConfigurationPlatforms) = preSolution
		Debug|Any CPU = Debug|Any CPU
		Release|Any CPU = Release|Any CPU
	EndGlobalSection
	GlobalSection(ProjectConfigurationPlatforms) = postSolution
		{94C2148E-3005-4946-9C57-2CC4D8BC250B}.Debug|Any CPU.ActiveCfg = Debug|Any CPU
		{94C2148E-3005-4946-9C57-2CC4D8BC250B}.Debug|Any CPU.Build.0 = Debug|Any CPU
		{94C2148E-3005-4946-9C57-2CC4D8BC250B}.Release|Any CPU.ActiveCfg = Release|Any CPU
		{94C2148E-3005-4946-9C57-2CC4D8BC250B}.Release|Any CPU.Build.0 = Release|Any CPU
		{8BA678B1-D73D-4B13-8D42-F6750285E52A}.Debug|Any CPU.ActiveCfg = Debug|Any CPU
		{8BA678B1-D73D-4B13-8D42-F6750285E52A}.Debug|Any CPU.Build.0 = Debug|Any CPU
		{8BA678B1-D73D-4B13-8D42-F6750285E52A}.Release|Any CPU.ActiveCfg = Release|Any CPU
		{8BA678B1-D73D-4B13-8D42-F6750285E52A}.Release|Any CPU.Build.0 = Release|Any CPU
	EndGlobalSection
EndGlobal
